
Microsoft Visual Studio Solution File, Format Version 12.00
# Visual Studio Version 17
VisualStudioVersion = 17.10.35004.147
MinimumVisualStudioVersion = 10.0.40219.1
Project("{FAE04EC0-301F-11D3-BF4B-00C04F79EFBC}") = "01_MainSubjects", "01_MainSubjects\01_MainSubjects.csproj", "{0D2C812C-268D-4453-BD0D-B2ECF3838A67}"
EndProject
Project("{FAE04EC0-301F-11D3-BF4B-00C04F79EFBC}") = "02_variables", "02_variables\02_variables.csproj", "{C654B7D7-3943-4AA4-B90C-E58420A06BA6}"
EndProject
Global
	GlobalSection(SolutionConfigurationPlatforms) = preSolution
		Debug|Any CPU = Debug|Any CPU
		Release|Any CPU = Release|Any CPU
	EndGlobalSection
	GlobalSection(ProjectConfigurationPlatforms) = postSolution
		{0D2C812C-268D-4453-BD0D-B2ECF3838A67}.Debug|Any CPU.ActiveCfg = Debug|Any CPU
		{0D2C812C-268D-4453-BD0D-B2ECF3838A67}.Debug|Any CPU.Build.0 = Debug|Any CPU
		{0D2C812C-268D-4453-BD0D-B2ECF3838A67}.Release|Any CPU.ActiveCfg = Release|Any CPU
		{0D2C812C-268D-4453-BD0D-B2ECF3838A67}.Release|Any CPU.Build.0 = Release|Any CPU
		{C654B7D7-3943-4AA4-B90C-E58420A06BA6}.Debug|Any CPU.ActiveCfg = Debug|Any CPU
		{C654B7D7-3943-4AA4-B90C-E58420A06BA6}.Debug|Any CPU.Build.0 = Debug|Any CPU
		{C654B7D7-3943-4AA4-B90C-E58420A06BA6}.Release|Any CPU.ActiveCfg = Release|Any CPU
		{C654B7D7-3943-4AA4-B90C-E58420A06BA6}.Release|Any CPU.Build.0 = Release|Any CPU
	EndGlobalSection
	GlobalSection(SolutionProperties) = preSolution
		HideSolutionNode = FALSE
	EndGlobalSection
	GlobalSection(ExtensibilityGlobals) = postSolution
		SolutionGuid = {8D06F484-7A7F-4A30-B710-F788F6F22DCC}
	EndGlobalSection
EndGlobal
